
Microsoft Visual Studio Solution File, Format Version 12.00
# Visual Studio Version 16
VisualStudioVersion = 16.0.31402.337
MinimumVisualStudioVersion = 10.0.40219.1
Project("{9A19103F-16F7-4668-BE54-9A1E7A4F7556}") = "DestinyCustoms", "DestinyCustoms\DestinyCustoms.csproj", "{AAC30461-0657-45FA-9FBC-58714B226554}"
EndProject
Project("{FAE04EC0-301F-11D3-BF4B-00C04F79EFBC}") = "DestinyCustoms.Data", "DestinyCustoms.Data\DestinyCustoms.Data.csproj", "{A4F47979-C9D6-4C4F-848E-BA8C15011B69}"
EndProject
Global
	GlobalSection(SolutionConfigurationPlatforms) = preSolution
		Debug|Any CPU = Debug|Any CPU
		Release|Any CPU = Release|Any CPU
	EndGlobalSection
	GlobalSection(ProjectConfigurationPlatforms) = postSolution
		{AAC30461-0657-45FA-9FBC-58714B226554}.Debug|Any CPU.ActiveCfg = Debug|Any CPU
		{AAC30461-0657-45FA-9FBC-58714B226554}.Debug|Any CPU.Build.0 = Debug|Any CPU
		{AAC30461-0657-45FA-9FBC-58714B226554}.Release|Any CPU.ActiveCfg = Release|Any CPU
		{AAC30461-0657-45FA-9FBC-58714B226554}.Release|Any CPU.Build.0 = Release|Any CPU
		{A4F47979-C9D6-4C4F-848E-BA8C15011B69}.Debug|Any CPU.ActiveCfg = Debug|Any CPU
		{A4F47979-C9D6-4C4F-848E-BA8C15011B69}.Debug|Any CPU.Build.0 = Debug|Any CPU
		{A4F47979-C9D6-4C4F-848E-BA8C15011B69}.Release|Any CPU.ActiveCfg = Release|Any CPU
		{A4F47979-C9D6-4C4F-848E-BA8C15011B69}.Release|Any CPU.Build.0 = Release|Any CPU
	EndGlobalSection
	GlobalSection(SolutionProperties) = preSolution
		HideSolutionNode = FALSE
	EndGlobalSection
	GlobalSection(ExtensibilityGlobals) = postSolution
		SolutionGuid = {FBE75B1F-E838-4650-8566-32569F52F06E}
	EndGlobalSection
EndGlobal
