
Microsoft Visual Studio Solution File, Format Version 12.00
# Visual Studio Version 16
VisualStudioVersion = 16.0.31402.337
MinimumVisualStudioVersion = 10.0.40219.1
Project("{9A19103F-16F7-4668-BE54-9A1E7A4F7556}") = "DestinyCustoms", "DestinyCustoms\DestinyCustoms.csproj", "{AAC30461-0657-45FA-9FBC-58714B226554}"
EndProject
Project("{9A19103F-16F7-4668-BE54-9A1E7A4F7556}") = "DestinyCustoms.Data", "DestinyCustoms.Data\DestinyCustoms.Data.csproj", "{2BBE0EC8-7B80-4A78-B315-640DCD36D70C}"
EndProject
Project("{9A19103F-16F7-4668-BE54-9A1E7A4F7556}") = "DestinyCustoms.Common", "DestinyCustoms.Common\DestinyCustoms.Common.csproj", "{D0AD6760-CE99-47FF-8EE6-C8D35D390334}"
EndProject
Project("{9A19103F-16F7-4668-BE54-9A1E7A4F7556}") = "DestinyCustoms.Services", "DestinyCustoms.Services\DestinyCustoms.Services.csproj", "{151C072F-C5FD-4446-B95B-E12D83B0AD86}"
EndProject
Project("{FAE04EC0-301F-11D3-BF4B-00C04F79EFBC}") = "DestinyCustoms.Tests", "DestinyCustoms.Tests\DestinyCustoms.Tests.csproj", "{D2C04AFE-4792-4C1F-B3ED-47589A10909B}"
EndProject
Global
	GlobalSection(SolutionConfigurationPlatforms) = preSolution
		Debug|Any CPU = Debug|Any CPU
		Release|Any CPU = Release|Any CPU
	EndGlobalSection
	GlobalSection(ProjectConfigurationPlatforms) = postSolution
		{AAC30461-0657-45FA-9FBC-58714B226554}.Debug|Any CPU.ActiveCfg = Debug|Any CPU
		{AAC30461-0657-45FA-9FBC-58714B226554}.Debug|Any CPU.Build.0 = Debug|Any CPU
		{AAC30461-0657-45FA-9FBC-58714B226554}.Release|Any CPU.ActiveCfg = Release|Any CPU
		{AAC30461-0657-45FA-9FBC-58714B226554}.Release|Any CPU.Build.0 = Release|Any CPU
		{2BBE0EC8-7B80-4A78-B315-640DCD36D70C}.Debug|Any CPU.ActiveCfg = Debug|Any CPU
		{2BBE0EC8-7B80-4A78-B315-640DCD36D70C}.Debug|Any CPU.Build.0 = Debug|Any CPU
		{2BBE0EC8-7B80-4A78-B315-640DCD36D70C}.Release|Any CPU.ActiveCfg = Release|Any CPU
		{2BBE0EC8-7B80-4A78-B315-640DCD36D70C}.Release|Any CPU.Build.0 = Release|Any CPU
		{D0AD6760-CE99-47FF-8EE6-C8D35D390334}.Debug|Any CPU.ActiveCfg = Debug|Any CPU
		{D0AD6760-CE99-47FF-8EE6-C8D35D390334}.Debug|Any CPU.Build.0 = Debug|Any CPU
		{D0AD6760-CE99-47FF-8EE6-C8D35D390334}.Release|Any CPU.ActiveCfg = Release|Any CPU
		{D0AD6760-CE99-47FF-8EE6-C8D35D390334}.Release|Any CPU.Build.0 = Release|Any CPU
		{151C072F-C5FD-4446-B95B-E12D83B0AD86}.Debug|Any CPU.ActiveCfg = Debug|Any CPU
		{151C072F-C5FD-4446-B95B-E12D83B0AD86}.Debug|Any CPU.Build.0 = Debug|Any CPU
		{151C072F-C5FD-4446-B95B-E12D83B0AD86}.Release|Any CPU.ActiveCfg = Release|Any CPU
		{151C072F-C5FD-4446-B95B-E12D83B0AD86}.Release|Any CPU.Build.0 = Release|Any CPU
		{D2C04AFE-4792-4C1F-B3ED-47589A10909B}.Debug|Any CPU.ActiveCfg = Debug|Any CPU
		{D2C04AFE-4792-4C1F-B3ED-47589A10909B}.Debug|Any CPU.Build.0 = Debug|Any CPU
		{D2C04AFE-4792-4C1F-B3ED-47589A10909B}.Release|Any CPU.ActiveCfg = Release|Any CPU
		{D2C04AFE-4792-4C1F-B3ED-47589A10909B}.Release|Any CPU.Build.0 = Release|Any CPU
	EndGlobalSection
	GlobalSection(SolutionProperties) = preSolution
		HideSolutionNode = FALSE
	EndGlobalSection
	GlobalSection(ExtensibilityGlobals) = postSolution
		SolutionGuid = {FBE75B1F-E838-4650-8566-32569F52F06E}
	EndGlobalSection
EndGlobal
